GEM
  remote: https://rubygems.org/
  specs:
    mini_portile2 (2.8.9)
    nokogiri (1.19.3)
      mini_portile2 (~> 2.8.2)
      racc (~> 1.4)
    nokogiri (1.19.3-arm64-darwin)
      racc (~> 1.4)
    racc (1.8.1)

PLATFORMS
  arm64-darwin-25
  ruby

DEPENDENCIES
  nokogiri (~> 1.19.3)

CHECKSUMS
  mini_portile2 (2.8.9) sha256=0cd7c7f824e010c072e33f68bc02d85a00aeb6fce05bb4819c03dfd3c140c289
  nokogiri (1.19.3) sha256=78312cbac32a40c812780d9678221b79d51288eec00054c1a8d15f7ce05960e8
  nokogiri (1.19.3-arm64-darwin) sha256=71b9bd424b1b7abc18b05052a1a3cfd3627abdca62be280854cc411791357e42
  racc (1.8.1) sha256=4a7f6929691dbec8b5209a0b373bc2614882b55fc5d2e447a21aaa691303d62f

BUNDLED WITH
  4.0.10
